// !$*UTF8*$!
{
	archiveVersion = 1;
	classes = {
	};
	objectVersion = 56;
	objects = {

/* Begin PBXBuildFile section */
		AA000001000000000000001A /* RecallThatApp.swift in Sources */ = {isa = PBXBuildFile; fileRef = AA000001000000000000001B /* RecallThatApp.swift */; };
		AA000002000000000000001A /* ContentView.swift in Sources */ = {isa = PBXBuildFile; fileRef = AA000002000000000000001B /* ContentView.swift */; };
		AA000003000000000000001A /* Memory.swift in Sources */ = {isa = PBXBuildFile; fileRef = AA000003000000000000001B /* Memory.swift */; };
		AA000004000000000000001A /* MemorySourceType.swift in Sources */ = {isa = PBXBuildFile; fileRef = AA000004000000000000001B /* MemorySourceType.swift */; };
		AA000005000000000000001A /* OCRStatus.swift in Sources */ = {isa = PBXBuildFile; fileRef = AA000005000000000000001B /* OCRStatus.swift */; };
		AA000006000000000000001A /* MemoryRepository.swift in Sources */ = {isa = PBXBuildFile; fileRef = AA000006000000000000001B /* MemoryRepository.swift */; };
		AA000007000000000000001A /* MemoryItem.swift in Sources */ = {isa = PBXBuildFile; fileRef = AA000007000000000000001B /* MemoryItem.swift */; };
		AA000008000000000000001A /* PhotoLibraryService.swift in Sources */ = {isa = PBXBuildFile; fileRef = AA000008000000000000001B /* PhotoLibraryService.swift */; };
		AA000009000000000000001A /* OCRService.swift in Sources */ = {isa = PBXBuildFile; fileRef = AA000009000000000000001B /* OCRService.swift */; };
		AA00000A000000000000001A /* SearchService.swift in Sources */ = {isa = PBXBuildFile; fileRef = AA00000A000000000000001B /* SearchService.swift */; };
		AA00000B000000000000001A /* ThumbnailService.swift in Sources */ = {isa = PBXBuildFile; fileRef = AA00000B000000000000001B /* ThumbnailService.swift */; };
		AA000010000000000000001A /* HomeView.swift in Sources */ = {isa = PBXBuildFile; fileRef = AA000010000000000000001B /* HomeView.swift */; };
		AA000011000000000000001A /* SearchView.swift in Sources */ = {isa = PBXBuildFile; fileRef = AA000011000000000000001B /* SearchView.swift */; };
		AA000012000000000000001A /* SettingsView.swift in Sources */ = {isa = PBXBuildFile; fileRef = AA000012000000000000001B /* SettingsView.swift */; };
		AA000013000000000000001A /* MemoryDetailView.swift in Sources */ = {isa = PBXBuildFile; fileRef = AA000013000000000000001B /* MemoryDetailView.swift */; };
		AA000014000000000000001A /* MemoryCardView.swift in Sources */ = {isa = PBXBuildFile; fileRef = AA000014000000000000001B /* MemoryCardView.swift */; };
		AA000015000000000000001A /* HomeViewModel.swift in Sources */ = {isa = PBXBuildFile; fileRef = AA000015000000000000001B /* HomeViewModel.swift */; };
		AA000016000000000000001A /* SearchViewModel.swift in Sources */ = {isa = PBXBuildFile; fileRef = AA000016000000000000001B /* SearchViewModel.swift */; };
		AA000017000000000000001A /* AppEnvironment.swift in Sources */ = {isa = PBXBuildFile; fileRef = AA000017000000000000001B /* AppEnvironment.swift */; };
		AA000018000000000000001A /* AppRootView.swift in Sources */ = {isa = PBXBuildFile; fileRef = AA000018000000000000001B /* AppRootView.swift */; };
		AA000019000000000000001A /* SwiftDataMemoryRepository.swift in Sources */ = {isa = PBXBuildFile; fileRef = AA000019000000000000001B /* SwiftDataMemoryRepository.swift */; };
		AA000020000000000000001A /* DefaultPhotoLibraryService.swift in Sources */ = {isa = PBXBuildFile; fileRef = AA000020000000000000001B /* DefaultPhotoLibraryService.swift */; };
		AA000021000000000000001A /* PhotoImportService.swift in Sources */ = {isa = PBXBuildFile; fileRef = AA000021000000000000001B /* PhotoImportService.swift */; };
		AA000022000000000000001A /* AssetThumbnailView.swift in Sources */ = {isa = PBXBuildFile; fileRef = AA000022000000000000001B /* AssetThumbnailView.swift */; };
		AA000023000000000000001A /* PhotoPermissionView.swift in Sources */ = {isa = PBXBuildFile; fileRef = AA000023000000000000001B /* PhotoPermissionView.swift */; };
		AA000024000000000000001A /* DefaultOCRService.swift in Sources */ = {isa = PBXBuildFile; fileRef = AA000024000000000000001B /* DefaultOCRService.swift */; };
		AA000025000000000000001A /* OCRPipelineService.swift in Sources */ = {isa = PBXBuildFile; fileRef = AA000025000000000000001B /* OCRPipelineService.swift */; };
		AA000026000000000000001A /* DefaultSearchService.swift in Sources */ = {isa = PBXBuildFile; fileRef = AA000026000000000000001B /* DefaultSearchService.swift */; };
		AA000027000000000000001A /* MemoryDetailViewModel.swift in Sources */ = {isa = PBXBuildFile; fileRef = AA000027000000000000001B /* MemoryDetailViewModel.swift */; };
		AA000028000000000000001A /* OnboardingView.swift in Sources */ = {isa = PBXBuildFile; fileRef = AA000028000000000000001B /* OnboardingView.swift */; };
		AA000029000000000000001A /* Assets.xcassets in Resources */ = {isa = PBXBuildFile; fileRef = AA000029000000000000001B /* Assets.xcassets */; };
/* End PBXBuildFile section */

/* Begin PBXFileReference section */
		AA000001000000000000001B /* RecallThatApp.swift */ = {isa = PBXFileReference; lastKnownFileType = sourcecode.swift; path = RecallThatApp.swift; sourceTree = "<group>"; };
		AA000002000000000000001B /* ContentView.swift */ = {isa = PBXFileReference; lastKnownFileType = sourcecode.swift; path = ContentView.swift; sourceTree = "<group>"; };
		AA000003000000000000001B /* Memory.swift */ = {isa = PBXFileReference; lastKnownFileType = sourcecode.swift; path = Memory.swift; sourceTree = "<group>"; };
		AA000004000000000000001B /* MemorySourceType.swift */ = {isa = PBXFileReference; lastKnownFileType = sourcecode.swift; path = MemorySourceType.swift; sourceTree = "<group>"; };
		AA000005000000000000001B /* OCRStatus.swift */ = {isa = PBXFileReference; lastKnownFileType = sourcecode.swift; path = OCRStatus.swift; sourceTree = "<group>"; };
		AA000006000000000000001B /* MemoryRepository.swift */ = {isa = PBXFileReference; lastKnownFileType = sourcecode.swift; path = MemoryRepository.swift; sourceTree = "<group>"; };
		AA000007000000000000001B /* MemoryItem.swift */ = {isa = PBXFileReference; lastKnownFileType = sourcecode.swift; path = MemoryItem.swift; sourceTree = "<group>"; };
		AA000008000000000000001B /* PhotoLibraryService.swift */ = {isa = PBXFileReference; lastKnownFileType = sourcecode.swift; path = PhotoLibraryService.swift; sourceTree = "<group>"; };
		AA000009000000000000001B /* OCRService.swift */ = {isa = PBXFileReference; lastKnownFileType = sourcecode.swift; path = OCRService.swift; sourceTree = "<group>"; };
		AA00000A000000000000001B /* SearchService.swift */ = {isa = PBXFileReference; lastKnownFileType = sourcecode.swift; path = SearchService.swift; sourceTree = "<group>"; };
		AA00000B000000000000001B /* ThumbnailService.swift */ = {isa = PBXFileReference; lastKnownFileType = sourcecode.swift; path = ThumbnailService.swift; sourceTree = "<group>"; };
		AA00000C000000000000001B /* Info.plist */ = {isa = PBXFileReference; lastKnownFileType = text.plist.xml; path = Info.plist; sourceTree = "<group>"; };
		AA0000FF000000000000001B /* RecallThat.app */ = {isa = PBXFileReference; explicitFileType = wrapper.application; includeInIndex = 0; path = RecallThat.app; sourceTree = BUILT_PRODUCTS_DIR; };
		AA000010000000000000001B /* HomeView.swift */ = {isa = PBXFileReference; lastKnownFileType = sourcecode.swift; path = HomeView.swift; sourceTree = "<group>"; };
		AA000011000000000000001B /* SearchView.swift */ = {isa = PBXFileReference; lastKnownFileType = sourcecode.swift; path = SearchView.swift; sourceTree = "<group>"; };
		AA000012000000000000001B /* SettingsView.swift */ = {isa = PBXFileReference; lastKnownFileType = sourcecode.swift; path = SettingsView.swift; sourceTree = "<group>"; };
		AA000013000000000000001B /* MemoryDetailView.swift */ = {isa = PBXFileReference; lastKnownFileType = sourcecode.swift; path = MemoryDetailView.swift; sourceTree = "<group>"; };
		AA000014000000000000001B /* MemoryCardView.swift */ = {isa = PBXFileReference; lastKnownFileType = sourcecode.swift; path = MemoryCardView.swift; sourceTree = "<group>"; };
		AA000015000000000000001B /* HomeViewModel.swift */ = {isa = PBXFileReference; lastKnownFileType = sourcecode.swift; path = HomeViewModel.swift; sourceTree = "<group>"; };
		AA000016000000000000001B /* SearchViewModel.swift */ = {isa = PBXFileReference; lastKnownFileType = sourcecode.swift; path = SearchViewModel.swift; sourceTree = "<group>"; };
		AA000017000000000000001B /* AppEnvironment.swift */ = {isa = PBXFileReference; lastKnownFileType = sourcecode.swift; path = AppEnvironment.swift; sourceTree = "<group>"; };
		AA000018000000000000001B /* AppRootView.swift */ = {isa = PBXFileReference; lastKnownFileType = sourcecode.swift; path = AppRootView.swift; sourceTree = "<group>"; };
		AA000019000000000000001B /* SwiftDataMemoryRepository.swift */ = {isa = PBXFileReference; lastKnownFileType = sourcecode.swift; path = SwiftDataMemoryRepository.swift; sourceTree = "<group>"; };
		AA000020000000000000001B /* DefaultPhotoLibraryService.swift */ = {isa = PBXFileReference; lastKnownFileType = sourcecode.swift; path = DefaultPhotoLibraryService.swift; sourceTree = "<group>"; };
		AA000021000000000000001B /* PhotoImportService.swift */ = {isa = PBXFileReference; lastKnownFileType = sourcecode.swift; path = PhotoImportService.swift; sourceTree = "<group>"; };
		AA000022000000000000001B /* AssetThumbnailView.swift */ = {isa = PBXFileReference; lastKnownFileType = sourcecode.swift; path = AssetThumbnailView.swift; sourceTree = "<group>"; };
		AA000023000000000000001B /* PhotoPermissionView.swift */ = {isa = PBXFileReference; lastKnownFileType = sourcecode.swift; path = PhotoPermissionView.swift; sourceTree = "<group>"; };
		AA000024000000000000001B /* DefaultOCRService.swift */ = {isa = PBXFileReference; lastKnownFileType = sourcecode.swift; path = DefaultOCRService.swift; sourceTree = "<group>"; };
		AA000025000000000000001B /* OCRPipelineService.swift */ = {isa = PBXFileReference; lastKnownFileType = sourcecode.swift; path = OCRPipelineService.swift; sourceTree = "<group>"; };
		AA000026000000000000001B /* DefaultSearchService.swift */ = {isa = PBXFileReference; lastKnownFileType = sourcecode.swift; path = DefaultSearchService.swift; sourceTree = "<group>"; };
		AA000027000000000000001B /* MemoryDetailViewModel.swift */ = {isa = PBXFileReference; lastKnownFileType = sourcecode.swift; path = MemoryDetailViewModel.swift; sourceTree = "<group>"; };
		AA000028000000000000001B /* OnboardingView.swift */ = {isa = PBXFileReference; lastKnownFileType = sourcecode.swift; path = OnboardingView.swift; sourceTree = "<group>"; };
		AA000029000000000000001B /* Assets.xcassets */ = {isa = PBXFileReference; lastKnownFileType = folder.assetcatalog; path = Assets.xcassets; sourceTree = "<group>"; };
/* End PBXFileReference section */

/* Begin PBXFrameworksBuildPhase section */
		AA0000FE00000000000000FB /* Frameworks */ = {
			isa = PBXFrameworksBuildPhase;
			buildActionMask = 2147483647;
			files = (
			);
			runOnlyForDeploymentPostprocessing = 0;
		};
/* End PBXFrameworksBuildPhase section */

/* Begin PBXGroup section */
		AA0000EE000000000000001B /* Products */ = {
			isa = PBXGroup;
			children = (
				AA0000FF000000000000001B /* RecallThat.app */,
			);
			name = Products;
			sourceTree = "<group>";
		};
		AA0000DD000000000000001B /* RecallThat */ = {
			isa = PBXGroup;
			children = (
				AA0000D1000000000000001B /* App */,
				AA0000D2000000000000001B /* Models */,
				AA0000D3000000000000001B /* Views */,
				AA0000D4000000000000001B /* ViewModels */,
				AA0000D5000000000000001B /* Services */,
				AA0000D6000000000000001B /* Persistence */,
				AA0000D7000000000000001B /* Utilities */,
				AA0000D8000000000000001B /* Resources */,
			);
			path = RecallThat;
			sourceTree = "<group>";
		};
		AA0000D1000000000000001B /* App */ = {
			isa = PBXGroup;
			children = (
				AA000001000000000000001B /* RecallThatApp.swift */,
				AA000002000000000000001B /* ContentView.swift */,
				AA000017000000000000001B /* AppEnvironment.swift */,
				AA000018000000000000001B /* AppRootView.swift */,
			);
			path = App;
			sourceTree = "<group>";
		};
		AA0000D2000000000000001B /* Models */ = {
			isa = PBXGroup;
			children = (
				AA000003000000000000001B /* Memory.swift */,
				AA000004000000000000001B /* MemorySourceType.swift */,
				AA000005000000000000001B /* OCRStatus.swift */,
			);
			path = Models;
			sourceTree = "<group>";
		};
		AA0000D3000000000000001B /* Views */ = {
			isa = PBXGroup;
			children = (
				AA000010000000000000001B /* HomeView.swift */,
				AA000011000000000000001B /* SearchView.swift */,
				AA000012000000000000001B /* SettingsView.swift */,
				AA000013000000000000001B /* MemoryDetailView.swift */,
				AA000014000000000000001B /* MemoryCardView.swift */,
				AA000022000000000000001B /* AssetThumbnailView.swift */,
				AA000023000000000000001B /* PhotoPermissionView.swift */,
				AA000028000000000000001B /* OnboardingView.swift */,
			);
			path = Views;
			sourceTree = "<group>";
		};
		AA0000D4000000000000001B /* ViewModels */ = {
			isa = PBXGroup;
			children = (
				AA000015000000000000001B /* HomeViewModel.swift */,
				AA000016000000000000001B /* SearchViewModel.swift */,
				AA000027000000000000001B /* MemoryDetailViewModel.swift */,
			);
			path = ViewModels;
			sourceTree = "<group>";
		};
		AA0000D5000000000000001B /* Services */ = {
			isa = PBXGroup;
			children = (
				AA0000D5A0000000000001B /* Photos */,
				AA0000D5B0000000000001B /* OCR */,
				AA0000D5C0000000000001B /* Search */,
				AA0000D5D0000000000001B /* Thumbnailing */,
			);
			path = Services;
			sourceTree = "<group>";
		};
		AA0000D5A0000000000001B /* Photos */ = {
			isa = PBXGroup;
			children = (
				AA000008000000000000001B /* PhotoLibraryService.swift */,
				AA000020000000000000001B /* DefaultPhotoLibraryService.swift */,
				AA000021000000000000001B /* PhotoImportService.swift */,
			);
			path = Photos;
			sourceTree = "<group>";
		};
		AA0000D5B0000000000001B /* OCR */ = {
			isa = PBXGroup;
			children = (
				AA000009000000000000001B /* OCRService.swift */,
				AA000024000000000000001B /* DefaultOCRService.swift */,
				AA000025000000000000001B /* OCRPipelineService.swift */,
			);
			path = OCR;
			sourceTree = "<group>";
		};
		AA0000D5C0000000000001B /* Search */ = {
			isa = PBXGroup;
			children = (
				AA00000A000000000000001B /* SearchService.swift */,
				AA000026000000000000001B /* DefaultSearchService.swift */,
			);
			path = Search;
			sourceTree = "<group>";
		};
		AA0000D5D0000000000001B /* Thumbnailing */ = {
			isa = PBXGroup;
			children = (
				AA00000B000000000000001B /* ThumbnailService.swift */,
			);
			path = Thumbnailing;
			sourceTree = "<group>";
		};
		AA0000D6000000000000001B /* Persistence */ = {
			isa = PBXGroup;
			children = (
				AA000006000000000000001B /* MemoryRepository.swift */,
				AA000007000000000000001B /* MemoryItem.swift */,
				AA000019000000000000001B /* SwiftDataMemoryRepository.swift */,
			);
			path = Persistence;
			sourceTree = "<group>";
		};
		AA0000D7000000000000001B /* Utilities */ = {
			isa = PBXGroup;
			children = (
			);
			path = Utilities;
			sourceTree = "<group>";
		};
		AA0000D8000000000000001B /* Resources */ = {
			isa = PBXGroup;
			children = (
				AA00000C000000000000001B /* Info.plist */,
				AA000029000000000000001B /* Assets.xcassets */,
			);
			path = Resources;
			sourceTree = "<group>";
		};
		AA0000CC000000000000001B = {
			isa = PBXGroup;
			children = (
				AA0000DD000000000000001B /* RecallThat */,
				AA0000EE000000000000001B /* Products */,
			);
			sourceTree = "<group>";
		};
/* End PBXGroup section */

/* Begin PBXNativeTarget section */
		AA0000AA000000000000001B /* RecallThat */ = {
			isa = PBXNativeTarget;
			buildConfigurationList = AA0000BB000000000000001B /* Build configuration list for PBXNativeTarget "RecallThat" */;
			buildPhases = (
				AA0000FD00000000000000FB /* Sources */,
				AA0000FE00000000000000FB /* Frameworks */,
				AA0000FC00000000000000FB /* Resources */,
			);
			buildRules = (
			);
			dependencies = (
			);
			name = RecallThat;
			productName = RecallThat;
			productReference = AA0000FF000000000000001B /* RecallThat.app */;
			productType = "com.apple.product-type.application";
		};
/* End PBXNativeTarget section */

/* Begin PBXProject section */
		AA0000AB000000000000001B /* Project object */ = {
			isa = PBXProject;
			attributes = {
				BuildIndependentTargetsInParallel = 1;
				LastSwiftUpdateCheck = 1500;
				LastUpgradeCheck = 1500;
				TargetAttributes = {
					AA0000AA000000000000001B = {
						CreatedOnToolsVersion = 15.0;
					};
				};
			};
			buildConfigurationList = AA0000BC000000000000001B /* Build configuration list for PBXProject "RecallThat" */;
			compatibilityVersion = "Xcode 14.0";
			developmentRegion = en;
			hasScannedForEncodings = 0;
			knownRegions = (
				en,
				Base,
			);
			mainGroup = AA0000CC000000000000001B;
			productRefGroup = AA0000EE000000000000001B /* Products */;
			projectDirPath = "";
			projectRoot = "";
			targets = (
				AA0000AA000000000000001B /* RecallThat */,
			);
		};
/* End PBXProject section */

/* Begin PBXResourcesBuildPhase section */
		AA0000FC00000000000000FB /* Resources */ = {
			isa = PBXResourcesBuildPhase;
			buildActionMask = 2147483647;
			files = (
				AA000029000000000000001A /* Assets.xcassets in Resources */,
			);
			runOnlyForDeploymentPostprocessing = 0;
		};
/* End PBXResourcesBuildPhase section */

/* Begin PBXSourcesBuildPhase section */
		AA0000FD00000000000000FB /* Sources */ = {
			isa = PBXSourcesBuildPhase;
			buildActionMask = 2147483647;
			files = (
				AA000001000000000000001A /* RecallThatApp.swift in Sources */,
				AA000002000000000000001A /* ContentView.swift in Sources */,
				AA000003000000000000001A /* Memory.swift in Sources */,
				AA000004000000000000001A /* MemorySourceType.swift in Sources */,
				AA000005000000000000001A /* OCRStatus.swift in Sources */,
				AA000006000000000000001A /* MemoryRepository.swift in Sources */,
				AA000007000000000000001A /* MemoryItem.swift in Sources */,
				AA000008000000000000001A /* PhotoLibraryService.swift in Sources */,
				AA000009000000000000001A /* OCRService.swift in Sources */,
				AA00000A000000000000001A /* SearchService.swift in Sources */,
				AA00000B000000000000001A /* ThumbnailService.swift in Sources */,
				AA000010000000000000001A /* HomeView.swift in Sources */,
				AA000011000000000000001A /* SearchView.swift in Sources */,
				AA000012000000000000001A /* SettingsView.swift in Sources */,
				AA000013000000000000001A /* MemoryDetailView.swift in Sources */,
				AA000014000000000000001A /* MemoryCardView.swift in Sources */,
				AA000015000000000000001A /* HomeViewModel.swift in Sources */,
				AA000016000000000000001A /* SearchViewModel.swift in Sources */,
				AA000017000000000000001A /* AppEnvironment.swift in Sources */,
				AA000018000000000000001A /* AppRootView.swift in Sources */,
				AA000019000000000000001A /* SwiftDataMemoryRepository.swift in Sources */,
				AA000020000000000000001A /* DefaultPhotoLibraryService.swift in Sources */,
				AA000021000000000000001A /* PhotoImportService.swift in Sources */,
				AA000022000000000000001A /* AssetThumbnailView.swift in Sources */,
				AA000023000000000000001A /* PhotoPermissionView.swift in Sources */,
				AA000024000000000000001A /* DefaultOCRService.swift in Sources */,
				AA000025000000000000001A /* OCRPipelineService.swift in Sources */,
				AA000026000000000000001A /* DefaultSearchService.swift in Sources */,
				AA000027000000000000001A /* MemoryDetailViewModel.swift in Sources */,
				AA000028000000000000001A /* OnboardingView.swift in Sources */,
			);
			runOnlyForDeploymentPostprocessing = 0;
		};
/* End PBXSourcesBuildPhase section */

/* Begin XCBuildConfiguration section */
		AA0000B1000000000000001B /* Debug */ = {
			isa = XCBuildConfiguration;
			buildSettings = {
				ALWAYS_SEARCH_USER_PATHS = NO;
				ASSETCATALOG_COMPILER_GENERATE_SWIFT_ASSET_SYMBOL_EXTENSIONS = YES;
				CLANG_ANALYZER_NONNULL = YES;
				CLANG_ANALYZER_NUMBER_OBJECT_CONVERSION = YES_AGGRESSIVE;
				CLANG_CXX_LANGUAGE_STANDARD = "gnu++20";
				CLANG_ENABLE_MODULES = YES;
				CLANG_ENABLE_OBJC_ARC = YES;
				CLANG_ENABLE_OBJC_WEAK = YES;
				CLANG_WARN_BLOCK_CAPTURE_AUTORELEASING = YES;
				CLANG_WARN_BOOL_CONVERSION = YES;
				CLANG_WARN_COMMA = YES;
				CLANG_WARN_CONSTANT_CONVERSION = YES;
				CLANG_WARN_DEPRECATED_OBJC_IMPLEMENTATIONS = YES;
				CLANG_WARN_DIRECT_OBJC_ISA_USAGE = YES_ERROR;
				CLANG_WARN_DOCUMENTATION_COMMENTS = YES;
				CLANG_WARN_EMPTY_BODY = YES;
				CLANG_WARN_ENUM_CONVERSION = YES;
				CLANG_WARN_INFINITE_LOOPS = YES;
				CLANG_WARN_INT_CONVERSION = YES;
				CLANG_WARN_NON_LITERAL_NULL_CONVERSION = YES;
				CLANG_WARN_OBJC_IMPLICIT_RETAIN_SELF = YES;
				CLANG_WARN_OBJC_LITERAL_CONVERSION = YES;
				CLANG_WARN_OBJC_ROOT_CLASS = YES_ERROR;
				CLANG_WARN_QUOTED_INCLUDE_IN_FRAMEWORK_HEADER = YES;
				CLANG_WARN_RANGE_LOOP_ANALYSIS = YES;
				CLANG_WARN_STRICT_PROTOTYPES = YES;
				CLANG_WARN_SUSPICIOUS_MOVE = YES;
				CLANG_WARN_UNGUARDED_AVAILABILITY = YES_AGGRESSIVE;
				CLANG_WARN_UNREACHABLE_CODE = YES;
				CLANG_WARN__DUPLICATE_METHOD_MATCH = YES;
				COPY_PHASE_STRIP = NO;
				DEBUG_INFORMATION_FORMAT = dwarf;
				ENABLE_STRICT_OBJC_MSGSEND = YES;
				ENABLE_TESTABILITY = YES;
				ENABLE_USER_SCRIPT_SANDBOXING = YES;
				GCC_C_LANGUAGE_STANDARD = gnu17;
				GCC_DYNAMIC_NO_PIC = NO;
				GCC_NO_COMMON_BLOCKS = YES;
				GCC_OPTIMIZATION_LEVEL = 0;
				GCC_PREPROCESSOR_DEFINITIONS = (
					"DEBUG=1",
					"$(inherited)",
				);
				GCC_WARN_64_TO_32_BIT_CONVERSION = YES;
				GCC_WARN_ABOUT_RETURN_TYPE = YES_ERROR;
				GCC_WARN_UNDECLARED_SELECTOR = YES;
				GCC_WARN_UNINITIALIZED_AUTOS = YES_AGGRESSIVE;
				GCC_WARN_UNUSED_FUNCTION = YES;
				GCC_WARN_UNUSED_VARIABLE = YES;
				IPHONEOS_DEPLOYMENT_TARGET = 17.0;
				MTL_ENABLE_DEBUG_INFO = INCLUDE_SOURCE;
				MTL_FAST_MATH = YES;
				ONLY_ACTIVE_ARCH = YES;
				SDKROOT = iphoneos;
				SWIFT_ACTIVE_COMPILATION_CONDITIONS = "DEBUG $(inherited)";
				SWIFT_OPTIMIZATION_LEVEL = "-Onone";
			};
			name = Debug;
		};
		AA0000B2000000000000001B /* Release */ = {
			isa = XCBuildConfiguration;
			buildSettings = {
				ALWAYS_SEARCH_USER_PATHS = NO;
				ASSETCATALOG_COMPILER_GENERATE_SWIFT_ASSET_SYMBOL_EXTENSIONS = YES;
				CLANG_ANALYZER_NONNULL = YES;
				CLANG_ANALYZER_NUMBER_OBJECT_CONVERSION = YES_AGGRESSIVE;
				CLANG_CXX_LANGUAGE_STANDARD = "gnu++20";
				CLANG_ENABLE_MODULES = YES;
				CLANG_ENABLE_OBJC_ARC = YES;
				CLANG_ENABLE_OBJC_WEAK = YES;
				CLANG_WARN_BLOCK_CAPTURE_AUTORELEASING = YES;
				CLANG_WARN_BOOL_CONVERSION = YES;
				CLANG_WARN_COMMA = YES;
				CLANG_WARN_CONSTANT_CONVERSION = YES;
				CLANG_WARN_DEPRECATED_OBJC_IMPLEMENTATIONS = YES;
				CLANG_WARN_DIRECT_OBJC_ISA_USAGE = YES_ERROR;
				CLANG_WARN_DOCUMENTATION_COMMENTS = YES;
				CLANG_WARN_EMPTY_BODY = YES;
				CLANG_WARN_ENUM_CONVERSION = YES;
				CLANG_WARN_INFINITE_LOOPS = YES;
				CLANG_WARN_INT_CONVERSION = YES;
				CLANG_WARN_NON_LITERAL_NULL_CONVERSION = YES;
				CLANG_WARN_OBJC_IMPLICIT_RETAIN_SELF = YES;
				CLANG_WARN_OBJC_LITERAL_CONVERSION = YES;
				CLANG_WARN_OBJC_ROOT_CLASS = YES_ERROR;
				CLANG_WARN_QUOTED_INCLUDE_IN_FRAMEWORK_HEADER = YES;
				CLANG_WARN_RANGE_LOOP_ANALYSIS = YES;
				CLANG_WARN_STRICT_PROTOTYPES = YES;
				CLANG_WARN_SUSPICIOUS_MOVE = YES;
				CLANG_WARN_UNGUARDED_AVAILABILITY = YES_AGGRESSIVE;
				CLANG_WARN_UNREACHABLE_CODE = YES;
				CLANG_WARN__DUPLICATE_METHOD_MATCH = YES;
				COPY_PHASE_STRIP = NO;
				DEBUG_INFORMATION_FORMAT = "dwarf-with-dsym";
				ENABLE_NS_ASSERTIONS = NO;
				ENABLE_STRICT_OBJC_MSGSEND = YES;
				ENABLE_USER_SCRIPT_SANDBOXING = YES;
				GCC_C_LANGUAGE_STANDARD = gnu17;
				GCC_NO_COMMON_BLOCKS = YES;
				GCC_WARN_64_TO_32_BIT_CONVERSION = YES;
				GCC_WARN_ABOUT_RETURN_TYPE = YES_ERROR;
				GCC_WARN_UNDECLARED_SELECTOR = YES;
				GCC_WARN_UNINITIALIZED_AUTOS = YES_AGGRESSIVE;
				GCC_WARN_UNUSED_FUNCTION = YES;
				GCC_WARN_UNUSED_VARIABLE = YES;
				IPHONEOS_DEPLOYMENT_TARGET = 17.0;
				MTL_FAST_MATH = YES;
				SDKROOT = iphoneos;
				SWIFT_COMPILATION_MODE = wholemodule;
				SWIFT_OPTIMIZATION_LEVEL = "-O";
				VALIDATE_PRODUCT = YES;
			};
			name = Release;
		};
		AA0000B3000000000000001B /* Debug */ = {
			isa = XCBuildConfiguration;
			buildSettings = {
				ASSETCATALOG_COMPILER_APPICON_NAME = AppIcon;
				ASSETCATALOG_COMPILER_GLOBAL_ACCENT_COLOR_NAME = AccentColor;
				CODE_SIGN_STYLE = Automatic;
				CURRENT_PROJECT_VERSION = 1;
				DEVELOPMENT_ASSET_PATHS = "";
				ENABLE_PREVIEWS = YES;
				GENERATE_INFOPLIST_FILE = NO;
				INFOPLIST_FILE = RecallThat/Resources/Info.plist;
				IPHONEOS_DEPLOYMENT_TARGET = 17.0;
				LD_RUNPATH_SEARCH_PATHS = (
					"$(inherited)",
					"@executable_path/Frameworks",
				);
				MARKETING_VERSION = 1.0;
				PRODUCT_BUNDLE_IDENTIFIER = com.recallthat.app;
				PRODUCT_NAME = "$(TARGET_NAME)";
				SWIFT_EMIT_LOC_STRINGS = YES;
				SWIFT_VERSION = 5.9;
				TARGETED_DEVICE_FAMILY = 1;
			};
			name = Debug;
		};
		AA0000B4000000000000001B /* Release */ = {
			isa = XCBuildConfiguration;
			buildSettings = {
				ASSETCATALOG_COMPILER_APPICON_NAME = AppIcon;
				ASSETCATALOG_COMPILER_GLOBAL_ACCENT_COLOR_NAME = AccentColor;
				CODE_SIGN_STYLE = Automatic;
				CURRENT_PROJECT_VERSION = 1;
				DEVELOPMENT_ASSET_PATHS = "";
				ENABLE_PREVIEWS = YES;
				GENERATE_INFOPLIST_FILE = NO;
				INFOPLIST_FILE = RecallThat/Resources/Info.plist;
				IPHONEOS_DEPLOYMENT_TARGET = 17.0;
				LD_RUNPATH_SEARCH_PATHS = (
					"$(inherited)",
					"@executable_path/Frameworks",
				);
				MARKETING_VERSION = 1.0;
				PRODUCT_BUNDLE_IDENTIFIER = com.recallthat.app;
				PRODUCT_NAME = "$(TARGET_NAME)";
				SWIFT_EMIT_LOC_STRINGS = YES;
				SWIFT_VERSION = 5.9;
				TARGETED_DEVICE_FAMILY = 1;
			};
			name = Release;
		};
/* End XCBuildConfiguration section */

/* Begin XCConfigurationList section */
		AA0000BB000000000000001B /* Build configuration list for PBXNativeTarget "RecallThat" */ = {
			isa = XCConfigurationList;
			buildConfigurations = (
				AA0000B3000000000000001B /* Debug */,
				AA0000B4000000000000001B /* Release */,
			);
			defaultConfigurationIsVisible = 0;
			defaultConfigurationName = Release;
		};
		AA0000BC000000000000001B /* Build configuration list for PBXProject "RecallThat" */ = {
			isa = XCConfigurationList;
			buildConfigurations = (
				AA0000B1000000000000001B /* Debug */,
				AA0000B2000000000000001B /* Release */,
			);
			defaultConfigurationIsVisible = 0;
			defaultConfigurationName = Release;
		};
/* End XCConfigurationList section */

	};
	rootObject = AA0000AB000000000000001B /* Project object */;
}
